
Microsoft Visual Studio Solution File, Format Version 12.00
# Visual Studio 15
VisualStudioVersion = 15.0.27130.2036
MinimumVisualStudioVersion = 10.0.40219.1
Project("{FAE04EC0-301F-11D3-BF4B-00C04F79EFBC}") = "Applitools", "Applitools\Applitools.csproj", "{A5DA685A-6DFD-4EC7-AFD3-DF340D354152}"
EndProject
Global
	GlobalSection(SolutionConfigurationPlatforms) = preSolution
		Debug|Any CPU = Debug|Any CPU
		Release|Any CPU = Release|Any CPU
	EndGlobalSection
	GlobalSection(ProjectConfigurationPlatforms) = postSolution
		{A5DA685A-6DFD-4EC7-AFD3-DF340D354152}.Debug|Any CPU.ActiveCfg = Debug|Any CPU
		{A5DA685A-6DFD-4EC7-AFD3-DF340D354152}.Debug|Any CPU.Build.0 = Debug|Any CPU
		{A5DA685A-6DFD-4EC7-AFD3-DF340D354152}.Release|Any CPU.ActiveCfg = Release|Any CPU
		{A5DA685A-6DFD-4EC7-AFD3-DF340D354152}.Release|Any CPU.Build.0 = Release|Any CPU
	EndGlobalSection
	GlobalSection(SolutionProperties) = preSolution
		HideSolutionNode = FALSE
	EndGlobalSection
	GlobalSection(ExtensibilityGlobals) = postSolution
		SolutionGuid = {961F5799-92D3-4FDD-9AFD-1B0C0FF93BD7}
	EndGlobalSection
EndGlobal
